
Microsoft Visual Studio Solution File, Format Version 12.00
# Visual Studio Version 17
VisualStudioVersion = 17.9.34723.18
MinimumVisualStudioVersion = 10.0.40219.1
Project("{9A19103F-16F7-4668-BE54-9A1E7A4F7556}") = "Examen progra 2", "Examen progra 2.csproj", "{8793E1D3-1DEE-4AE2-89A5-C2D62C775605}"
EndProject
Global
	GlobalSection(SolutionConfigurationPlatforms) = preSolution
		Debug|Any CPU = Debug|Any CPU
		Release|Any CPU = Release|Any CPU
	EndGlobalSection
	GlobalSection(ProjectConfigurationPlatforms) = postSolution
		{8793E1D3-1DEE-4AE2-89A5-C2D62C775605}.Debug|Any CPU.ActiveCfg = Debug|Any CPU
		{8793E1D3-1DEE-4AE2-89A5-C2D62C775605}.Debug|Any CPU.Build.0 = Debug|Any CPU
		{8793E1D3-1DEE-4AE2-89A5-C2D62C775605}.Release|Any CPU.ActiveCfg = Release|Any CPU
		{8793E1D3-1DEE-4AE2-89A5-C2D62C775605}.Release|Any CPU.Build.0 = Release|Any CPU
	EndGlobalSection
	GlobalSection(SolutionProperties) = preSolution
		HideSolutionNode = FALSE
	EndGlobalSection
	GlobalSection(ExtensibilityGlobals) = postSolution
		SolutionGuid = {1186936D-9D5C-486D-8C23-89D8D00990B5}
	EndGlobalSection
EndGlobal
